{
  "version": "5",
  "specifiers": {
    "jsr:@oak/commons@1": "1.0.1",
    "jsr:@oak/oak@*": "17.1.5",
    "jsr:@oak/oak@17": "17.1.5",
    "jsr:@std/assert@1": "1.0.13",
    "jsr:@std/bytes@1": "1.0.6",
    "jsr:@std/crypto@1": "1.0.5",
    "jsr:@std/dotenv@*": "0.225.5",
    "jsr:@std/dotenv@0": "0.225.5",
    "jsr:@std/encoding@1": "1.0.10",
    "jsr:@std/encoding@^1.0.10": "1.0.10",
    "jsr:@std/http@1": "1.0.20",
    "jsr:@std/internal@^1.0.9": "1.0.10",
    "jsr:@std/media-types@1": "1.1.0",
    "jsr:@std/path@1": "1.1.1",
    "npm:path-to-regexp@^6.3.0": "6.3.0"
  },
  "jsr": {
    "@oak/commons@1.0.1": {
      "integrity": "889ff210f0b4292591721be07244ecb1b5c118742f5273c70cf30d7cd4184d0c",
      "dependencies": [
        "jsr:@std/assert",
        "jsr:@std/bytes",
        "jsr:@std/crypto",
        "jsr:@std/encoding@1",
        "jsr:@std/http",
        "jsr:@std/media-types"
      ]
    },
    "@oak/oak@17.1.5": {
      "integrity": "676263340dcfd069fb422b4274b4f75f7048a68e605dece6a2897ccfe669e7cc",
      "dependencies": [
        "jsr:@oak/commons",
        "jsr:@std/assert",
        "jsr:@std/bytes",
        "jsr:@std/http",
        "jsr:@std/media-types",
        "jsr:@std/path",
        "npm:path-to-regexp"
      ]
    },
    "@std/assert@1.0.13": {
      "integrity": "ae0d31e41919b12c656c742b22522c32fb26ed0cba32975cb0de2a273cb68b29"
    },
    "@std/bytes@1.0.6": {
      "integrity": "f6ac6adbd8ccd99314045f5703e23af0a68d7f7e58364b47d2c7f408aeb5820a"
    },
    "@std/crypto@1.0.5": {
      "integrity": "0dcfbb319fe0bba1bd3af904ceb4f948cde1b92979ec1614528380ed308a3b40"
    },
    "@std/dotenv@0.225.5": {
      "integrity": "9ce6f9d0ec3311f74a32535aa1b8c62ed88b1ab91b7f0815797d77a6f60c922f"
    },
    "@std/encoding@1.0.10": {
      "integrity": "8783c6384a2d13abd5e9e87a7ae0520a30e9f56aeeaa3bdf910a3eaaf5c811a1"
    },
    "@std/http@1.0.20": {
      "integrity": "b5cc33fc001bccce65ed4c51815668c9891c69ccd908295997e983d8f56070a1",
      "dependencies": [
        "jsr:@std/encoding@^1.0.10"
      ]
    },
    "@std/internal@1.0.10": {
      "integrity": "e3be62ce42cab0e177c27698e5d9800122f67b766a0bea6ca4867886cbde8cf7"
    },
    "@std/media-types@1.1.0": {
      "integrity": "c9d093f0c05c3512932b330e3cc1fe1d627b301db33a4c2c2185c02471d6eaa4"
    },
    "@std/path@1.1.1": {
      "integrity": "fe00026bd3a7e6a27f73709b83c607798be40e20c81dde655ce34052fd82ec76",
      "dependencies": [
        "jsr:@std/internal"
      ]
    }
  },
  "npm": {
    "path-to-regexp@6.3.0": {
      "integrity": "sha512-Yhpw4T9C6hPpgPeA28us07OJeqZ5EzQTkbfwuhsUg0c237RomFoETJgmp2sa3F/41gfLE6G5cqcYwznmeEeOlQ=="
    }
  },
  "redirects": {
    "https://esm.sh/@types/react@~18.2.79/jsx-runtime.d.ts": "https://esm.sh/@types/react@18.2.79/jsx-runtime.d.ts",
    "https://esm.sh/scheduler@^0.23.0?target=denonext": "https://esm.sh/scheduler@0.23.2?target=denonext"
  },
  "remote": {
    "https://esm.sh/react-dom@18.2.0/client": "f43f7bb47905958ce487302ca818ba5a845a6029daa7ea22ef097a575b72045b",
    "https://esm.sh/react-dom@18.2.0/denonext/client.mjs": "647e3a3f2d666d6201c41113844726e0f5abaaab5e5fefad4ce497b4f9090d63",
    "https://esm.sh/react-dom@18.2.0/denonext/react-dom.mjs": "f77c94bf8c2af4e2c863f5c9d2bec24967bbb8cf759d4747961e063fa1479ffb",
    "https://esm.sh/react@18.2.0/denonext/jsx-runtime.mjs": "82f5137c9609f7b42ca13787d97b8c2dc55cfb8ce378c788791c156087a13cb3",
    "https://esm.sh/react@18.2.0/denonext/react.mjs": "a986c2876dc2f73879f395e677dc34cb751f260e69db16364810655f884df173",
    "https://esm.sh/react@18.2.0/jsx-runtime": "0bb3cca902d25a6827ac8153c8038b637e21bd20180bd58e827515d67de80582",
    "https://esm.sh/scheduler@0.23.2/denonext/scheduler.mjs": "8a1a8a363eb417fc8d40f6b15132e8964320782d7169e68fc6ac98b8b8c201eb",
    "https://esm.sh/scheduler@0.23.2?target=denonext": "5f446c6d28a83c4c3905e964a311ac654bf1b1993bb6647ee731a592068d5a1a"
  }
}
